
Microsoft Visual Studio Solution File, Format Version 12.00
# Visual Studio 15
VisualStudioVersion = 15.0.27924.0
MinimumVisualStudioVersion = 10.0.40219.1
Project("{9A19103F-16F7-4668-BE54-9A1E7A4F7556}") = "CSharpOddOrEven", "CSharpOddOrEven\CSharpOddOrEven.csproj", "{F6663A05-E9E7-4E38-B77D-9A9ED4DD565C}"
EndProject
Project("{9A19103F-16F7-4668-BE54-9A1E7A4F7556}") = "CSharpOddOrEven.Tests", "CSharpOddOrEvent.Tests\CSharpOddOrEven.Tests.csproj", "{94827959-F300-4E4C-A48C-B256A175CCC1}"
EndProject
Project("{2150E333-8FDC-42A3-9474-1A3956D46DE8}") = "Solution Items", "Solution Items", "{2DE0E628-9BAC-456D-A8F3-0D9ABA6E37C7}"
	ProjectSection(SolutionItems) = preProject
		Function.runsettings = Function.runsettings
		getKeys.ps1 = getKeys.ps1
	EndProjectSection
EndProject
Global
	GlobalSection(SolutionConfigurationPlatforms) = preSolution
		Debug|Any CPU = Debug|Any CPU
		Release|Any CPU = Release|Any CPU
	EndGlobalSection
	GlobalSection(ProjectConfigurationPlatforms) = postSolution
		{F6663A05-E9E7-4E38-B77D-9A9ED4DD565C}.Debug|Any CPU.ActiveCfg = Debug|Any CPU
		{F6663A05-E9E7-4E38-B77D-9A9ED4DD565C}.Debug|Any CPU.Build.0 = Debug|Any CPU
		{F6663A05-E9E7-4E38-B77D-9A9ED4DD565C}.Release|Any CPU.ActiveCfg = Release|Any CPU
		{F6663A05-E9E7-4E38-B77D-9A9ED4DD565C}.Release|Any CPU.Build.0 = Release|Any CPU
		{94827959-F300-4E4C-A48C-B256A175CCC1}.Debug|Any CPU.ActiveCfg = Debug|Any CPU
		{94827959-F300-4E4C-A48C-B256A175CCC1}.Debug|Any CPU.Build.0 = Debug|Any CPU
		{94827959-F300-4E4C-A48C-B256A175CCC1}.Release|Any CPU.ActiveCfg = Release|Any CPU
		{94827959-F300-4E4C-A48C-B256A175CCC1}.Release|Any CPU.Build.0 = Release|Any CPU
	EndGlobalSection
	GlobalSection(SolutionProperties) = preSolution
		HideSolutionNode = FALSE
	EndGlobalSection
	GlobalSection(ExtensibilityGlobals) = postSolution
		SolutionGuid = {540E3805-D427-429D-B775-853492EDE6A1}
	EndGlobalSection
EndGlobal
